
Microsoft Visual Studio Solution File, Format Version 12.00
# Visual Studio Version 18
VisualStudioVersion = 18.0.11012.119
MinimumVisualStudioVersion = 10.0.40219.1
Project("{2150E333-8FDC-42A3-9474-1A3956D46DE8}") = "Tests", "Tests", "{0AB3BF05-4346-4AA6-1389-037BE0695223}"
EndProject
Project("{FAE04EC0-301F-11D3-BF4B-00C04F79EFBC}") = "MyNet.Utilities", "src\MyNet.Utilities\MyNet.Utilities.csproj", "{94C08C94-7BE2-E2CF-20A8-8F1609C4B247}"
EndProject
Project("{FAE04EC0-301F-11D3-BF4B-00C04F79EFBC}") = "MyNet.Geography", "src\MyNet.Geography\MyNet.Geography.csproj", "{0EA96C51-4D2C-3580-7BEB-56F28B462F39}"
EndProject
Project("{FAE04EC0-301F-11D3-BF4B-00C04F79EFBC}") = "MyNet.Mail.MailKit", "src\MyNet.Mail.MailKit\MyNet.Mail.MailKit.csproj", "{A679D2FE-03FB-659A-EC60-379ECEB8FEA0}"
EndProject
Project("{FAE04EC0-301F-11D3-BF4B-00C04F79EFBC}") = "MyNet.Utilities.Tests", "tests\MyNet.Utilities.Tests\MyNet.Utilities.Tests.csproj", "{4CFCE474-D538-9CA7-60BF-C6F6BDD132B3}"
EndProject
Project("{2150E333-8FDC-42A3-9474-1A3956D46DE8}") = "Github Actions", "Github Actions", "{02EA681E-C7D8-13C7-8484-4AC65E1B71E8}"
	ProjectSection(SolutionItems) = preProject
		.github\workflows\ci.yml = .github\workflows\ci.yml
	EndProjectSection
EndProject
Project("{2150E333-8FDC-42A3-9474-1A3956D46DE8}") = "Docs", "Docs", "{2E7433DA-B851-4B09-A8BF-5E8265B474AC}"
	ProjectSection(SolutionItems) = preProject
		LICENSE = LICENSE
		README.md = README.md
	EndProjectSection
EndProject
Project("{2150E333-8FDC-42A3-9474-1A3956D46DE8}") = "Build", "Build", "{892DFD87-4C6A-412C-8243-7E9709DF5209}"
	ProjectSection(SolutionItems) = preProject
		.runsettings = .runsettings
		build\code-analysis.props = build\code-analysis.props
		build\dependencies.props = build\dependencies.props
		Directory.Build.props = Directory.Build.props
		Directory.Build.targets = Directory.Build.targets
		Directory.Packages.props = Directory.Packages.props
		global.json = global.json
		NuGet.config = NuGet.config
		build\package.props = build\package.props
	EndProjectSection
EndProject
Project("{2150E333-8FDC-42A3-9474-1A3956D46DE8}") = "Assets", "Assets", "{FB9A9AA6-6119-43F3-9F1B-A4539F2DD1A3}"
	ProjectSection(SolutionItems) = preProject
		assets\MyNetAutoMapper.png = assets\MyNetAutoMapper.png
		assets\MyNetCsvHelper.png = assets\MyNetCsvHelper.png
		assets\MyNetDynamicData.png = assets\MyNetDynamicData.png
		assets\MyNetHttp.png = assets\MyNetHttp.png
		assets\MyNetHumanizer.png = assets\MyNetHumanizer.png
		assets\MyNetObservable.png = assets\MyNetObservable.png
		assets\MyNetUI.png = assets\MyNetUI.png
		assets\MyNetUtilities.png = assets\MyNetUtilities.png
	EndProjectSection
EndProject
Project("{2150E333-8FDC-42A3-9474-1A3956D46DE8}") = "Code analysis", "Code analysis", "{015D541F-7A6E-4FF7-A267-7FA869C00DE0}"
	ProjectSection(SolutionItems) = preProject
		.editorconfig = .editorconfig
		stylecop.json = stylecop.json
	EndProjectSection
EndProject
Project("{FAE04EC0-301F-11D3-BF4B-00C04F79EFBC}") = "MyNet.Humanizer", "src\MyNet.Humanizer\MyNet.Humanizer.csproj", "{6FD0957D-DF4C-8388-04F1-F7821C11A852}"
EndProject
Project("{FAE04EC0-301F-11D3-BF4B-00C04F79EFBC}") = "MyNet.Observable", "src\MyNet.Observable\MyNet.Observable.csproj", "{41D4CB37-6A46-E088-95EC-FB254A481965}"
EndProject
Project("{FAE04EC0-301F-11D3-BF4B-00C04F79EFBC}") = "MyNet.UI", "src\MyNet.UI\MyNet.UI.csproj", "{C49DBB04-263E-DEE7-04DA-837EDB813775}"
EndProject
Project("{FAE04EC0-301F-11D3-BF4B-00C04F79EFBC}") = "MyNet.Humanizer.Tests", "tests\MyNet.Humanizer.Tests\MyNet.Humanizer.Tests.csproj", "{2090F530-BECF-6B20-D9BD-5E7E19A89366}"
EndProject
Project("{FAE04EC0-301F-11D3-BF4B-00C04F79EFBC}") = "MyNet.Http", "src\MyNet.Http\MyNet.Http.csproj", "{916AE5D1-AEFA-6E1D-D395-BD4EDC7ED10D}"
EndProject
Project("{2150E333-8FDC-42A3-9474-1A3956D46DE8}") = "Solution Files", "Solution Files", "{761E88AC-1747-465B-BFFA-B7EFFD3F47B6}"
EndProject
Project("{FAE04EC0-301F-11D3-BF4B-00C04F79EFBC}") = "MyNet.Observable.Tests", "tests\MyNet.Observable.Tests\MyNet.Observable.Tests.csproj", "{1E60E9ED-82C8-4E16-B25F-3202B0ACE4F5}"
EndProject
Project("{FAE04EC0-301F-11D3-BF4B-00C04F79EFBC}") = "MyNet.UI.Tests", "tests\MyNet.UI.Tests\MyNet.UI.Tests.csproj", "{755F3984-316B-4BEC-90F5-2D14EEBAED8E}"
EndProject
Project("{2150E333-8FDC-42A3-9474-1A3956D46DE8}") = "Audits", "Audits", "{EA8DE168-BEA6-4411-9BA3-4B24FC19DB9D}"
EndProject
Project("{2150E333-8FDC-42A3-9474-1A3956D46DE8}") = "Guides", "Guides", "{3A82A79F-FF6F-48C8-BC88-FCEC34766F26}"
	ProjectSection(SolutionItems) = preProject
		docs\TRANSLATION_SYSTEM_GUIDE.md = docs\TRANSLATION_SYSTEM_GUIDE.md
	EndProjectSection
EndProject
Project("{2150E333-8FDC-42A3-9474-1A3956D46DE8}") = "Github", "Github", "{412E45D3-6532-4606-8DBC-AC7F23DFCC9D}"
	ProjectSection(SolutionItems) = preProject
		CODE_OF_CONDUCT.md = CODE_OF_CONDUCT.md
		CONTRIBUTING.md = CONTRIBUTING.md
		.github\PULL_REQUEST_TEMPLATE.md = .github\PULL_REQUEST_TEMPLATE.md
	EndProjectSection
EndProject
Project("{2150E333-8FDC-42A3-9474-1A3956D46DE8}") = "20260511", "20260511", "{6710794D-65A0-4550-934A-66AEB88C7399}"
	ProjectSection(SolutionItems) = preProject
		docs\Audits\20260511\ACTION_PLAN.md = docs\Audits\20260511\ACTION_PLAN.md
		docs\Audits\20260511\AUDIT_COMPLETION.md = docs\Audits\20260511\AUDIT_COMPLETION.md
		docs\Audits\20260511\AUDIT_GUIDE.md = docs\Audits\20260511\AUDIT_GUIDE.md
		docs\Audits\20260511\AUDIT_INDEX.md = docs\Audits\20260511\AUDIT_INDEX.md
		docs\Audits\20260511\AUDIT_REPORT.md = docs\Audits\20260511\AUDIT_REPORT.md
		docs\Audits\20260511\AUDIT_SUMMARY.md = docs\Audits\20260511\AUDIT_SUMMARY.md
		docs\Audits\20260511\RECOMMENDATIONS.md = docs\Audits\20260511\RECOMMENDATIONS.md
		docs\Audits\20260511\START_HERE.md = docs\Audits\20260511\START_HERE.md
	EndProjectSection
EndProject
Project("{2150E333-8FDC-42A3-9474-1A3956D46DE8}") = "ViewModels", "ViewModels", "{EED5C0A5-DA77-4922-ABC3-DF8C2E31D172}"
	ProjectSection(SolutionItems) = preProject
		docs\Audits\ViewModels\01 - Review.md = docs\Audits\ViewModels\01 - Review.md
		docs\Audits\ViewModels\02 - Implementation.md = docs\Audits\ViewModels\02 - Implementation.md
		docs\Audits\ViewModels\03 - Guidelines.md = docs\Audits\ViewModels\03 - Guidelines.md
		docs\Audits\ViewModels\05 - Architecture Review - Current System vs Legacy.md = docs\Audits\ViewModels\05 - Architecture Review - Current System vs Legacy.md
	EndProjectSection
EndProject
Project("{FAE04EC0-301F-11D3-BF4B-00C04F79EFBC}") = "MyNet.Fakers", "src\MyNet.Fakers\MyNet.Fakers.csproj", "{B88AFDD7-3EB5-444B-8C8F-041FEA58A158}"
EndProject
Project("{FAE04EC0-301F-11D3-BF4B-00C04F79EFBC}") = "MyNet.Fakers.Tests", "tests\MyNet.Fakers.Tests\MyNet.Fakers.Tests.csproj", "{B46B00BF-D88F-4983-AA8D-E93747290DA5}"
EndProject
Project("{FAE04EC0-301F-11D3-BF4B-00C04F79EFBC}") = "MyNet.Geography.Tests", "tests\MyNet.Geography.Tests\MyNet.Geography.Tests.csproj", "{0829F647-792B-487C-B938-B4EE78F536D6}"
EndProject
Project("{FAE04EC0-301F-11D3-BF4B-00C04F79EFBC}") = "MyNet.Globalization", "src\MyNet.Globalization\MyNet.Globalization.csproj", "{E228E0DE-2F99-4ED5-AF42-990C615A8FF0}"
EndProject
Global
	GlobalSection(SolutionConfigurationPlatforms) = preSolution
		Debug|Any CPU = Debug|Any CPU
		Debug|x64 = Debug|x64
		Debug|x86 = Debug|x86
		Release|Any CPU = Release|Any CPU
		Release|x64 = Release|x64
		Release|x86 = Release|x86
	EndGlobalSection
	GlobalSection(ProjectConfigurationPlatforms) = postSolution
		{94C08C94-7BE2-E2CF-20A8-8F1609C4B247}.Debug|Any CPU.ActiveCfg = Debug|Any CPU
		{94C08C94-7BE2-E2CF-20A8-8F1609C4B247}.Debug|Any CPU.Build.0 = Debug|Any CPU
		{94C08C94-7BE2-E2CF-20A8-8F1609C4B247}.Debug|x64.ActiveCfg = Debug|Any CPU
		{94C08C94-7BE2-E2CF-20A8-8F1609C4B247}.Debug|x64.Build.0 = Debug|Any CPU
		{94C08C94-7BE2-E2CF-20A8-8F1609C4B247}.Debug|x86.ActiveCfg = Debug|Any CPU
		{94C08C94-7BE2-E2CF-20A8-8F1609C4B247}.Debug|x86.Build.0 = Debug|Any CPU
		{94C08C94-7BE2-E2CF-20A8-8F1609C4B247}.Release|Any CPU.ActiveCfg = Release|Any CPU
		{94C08C94-7BE2-E2CF-20A8-8F1609C4B247}.Release|Any CPU.Build.0 = Release|Any CPU
		{94C08C94-7BE2-E2CF-20A8-8F1609C4B247}.Release|x64.ActiveCfg = Release|Any CPU
		{94C08C94-7BE2-E2CF-20A8-8F1609C4B247}.Release|x64.Build.0 = Release|Any CPU
		{94C08C94-7BE2-E2CF-20A8-8F1609C4B247}.Release|x86.ActiveCfg = Release|Any CPU
		{94C08C94-7BE2-E2CF-20A8-8F1609C4B247}.Release|x86.Build.0 = Release|Any CPU
		{0EA96C51-4D2C-3580-7BEB-56F28B462F39}.Debug|Any CPU.ActiveCfg = Debug|Any CPU
		{0EA96C51-4D2C-3580-7BEB-56F28B462F39}.Debug|Any CPU.Build.0 = Debug|Any CPU
		{0EA96C51-4D2C-3580-7BEB-56F28B462F39}.Debug|x64.ActiveCfg = Debug|Any CPU
		{0EA96C51-4D2C-3580-7BEB-56F28B462F39}.Debug|x64.Build.0 = Debug|Any CPU
		{0EA96C51-4D2C-3580-7BEB-56F28B462F39}.Debug|x86.ActiveCfg = Debug|Any CPU
		{0EA96C51-4D2C-3580-7BEB-56F28B462F39}.Debug|x86.Build.0 = Debug|Any CPU
		{0EA96C51-4D2C-3580-7BEB-56F28B462F39}.Release|Any CPU.ActiveCfg = Release|Any CPU
		{0EA96C51-4D2C-3580-7BEB-56F28B462F39}.Release|Any CPU.Build.0 = Release|Any CPU
		{0EA96C51-4D2C-3580-7BEB-56F28B462F39}.Release|x64.ActiveCfg = Release|Any CPU
		{0EA96C51-4D2C-3580-7BEB-56F28B462F39}.Release|x64.Build.0 = Release|Any CPU
		{0EA96C51-4D2C-3580-7BEB-56F28B462F39}.Release|x86.ActiveCfg = Release|Any CPU
		{0EA96C51-4D2C-3580-7BEB-56F28B462F39}.Release|x86.Build.0 = Release|Any CPU
		{A679D2FE-03FB-659A-EC60-379ECEB8FEA0}.Debug|Any CPU.ActiveCfg = Debug|Any CPU
		{A679D2FE-03FB-659A-EC60-379ECEB8FEA0}.Debug|Any CPU.Build.0 = Debug|Any CPU
		{A679D2FE-03FB-659A-EC60-379ECEB8FEA0}.Debug|x64.ActiveCfg = Debug|Any CPU
		{A679D2FE-03FB-659A-EC60-379ECEB8FEA0}.Debug|x64.Build.0 = Debug|Any CPU
		{A679D2FE-03FB-659A-EC60-379ECEB8FEA0}.Debug|x86.ActiveCfg = Debug|Any CPU
		{A679D2FE-03FB-659A-EC60-379ECEB8FEA0}.Debug|x86.Build.0 = Debug|Any CPU
		{A679D2FE-03FB-659A-EC60-379ECEB8FEA0}.Release|Any CPU.ActiveCfg = Release|Any CPU
		{A679D2FE-03FB-659A-EC60-379ECEB8FEA0}.Release|Any CPU.Build.0 = Release|Any CPU
		{A679D2FE-03FB-659A-EC60-379ECEB8FEA0}.Release|x64.ActiveCfg = Release|Any CPU
		{A679D2FE-03FB-659A-EC60-379ECEB8FEA0}.Release|x64.Build.0 = Release|Any CPU
		{A679D2FE-03FB-659A-EC60-379ECEB8FEA0}.Release|x86.ActiveCfg = Release|Any CPU
		{A679D2FE-03FB-659A-EC60-379ECEB8FEA0}.Release|x86.Build.0 = Release|Any CPU
		{4CFCE474-D538-9CA7-60BF-C6F6BDD132B3}.Debug|Any CPU.ActiveCfg = Debug|Any CPU
		{4CFCE474-D538-9CA7-60BF-C6F6BDD132B3}.Debug|Any CPU.Build.0 = Debug|Any CPU
		{4CFCE474-D538-9CA7-60BF-C6F6BDD132B3}.Debug|x64.ActiveCfg = Debug|Any CPU
		{4CFCE474-D538-9CA7-60BF-C6F6BDD132B3}.Debug|x64.Build.0 = Debug|Any CPU
		{4CFCE474-D538-9CA7-60BF-C6F6BDD132B3}.Debug|x86.ActiveCfg = Debug|Any CPU
		{4CFCE474-D538-9CA7-60BF-C6F6BDD132B3}.Debug|x86.Build.0 = Debug|Any CPU
		{4CFCE474-D538-9CA7-60BF-C6F6BDD132B3}.Release|Any CPU.ActiveCfg = Release|Any CPU
		{4CFCE474-D538-9CA7-60BF-C6F6BDD132B3}.Release|Any CPU.Build.0 = Release|Any CPU
		{4CFCE474-D538-9CA7-60BF-C6F6BDD132B3}.Release|x64.ActiveCfg = Release|Any CPU
		{4CFCE474-D538-9CA7-60BF-C6F6BDD132B3}.Release|x64.Build.0 = Release|Any CPU
		{4CFCE474-D538-9CA7-60BF-C6F6BDD132B3}.Release|x86.ActiveCfg = Release|Any CPU
		{4CFCE474-D538-9CA7-60BF-C6F6BDD132B3}.Release|x86.Build.0 = Release|Any CPU
		{6FD0957D-DF4C-8388-04F1-F7821C11A852}.Debug|Any CPU.ActiveCfg = Debug|Any CPU
		{6FD0957D-DF4C-8388-04F1-F7821C11A852}.Debug|Any CPU.Build.0 = Debug|Any CPU
		{6FD0957D-DF4C-8388-04F1-F7821C11A852}.Debug|x64.ActiveCfg = Debug|Any CPU
		{6FD0957D-DF4C-8388-04F1-F7821C11A852}.Debug|x64.Build.0 = Debug|Any CPU
		{6FD0957D-DF4C-8388-04F1-F7821C11A852}.Debug|x86.ActiveCfg = Debug|Any CPU
		{6FD0957D-DF4C-8388-04F1-F7821C11A852}.Debug|x86.Build.0 = Debug|Any CPU
		{6FD0957D-DF4C-8388-04F1-F7821C11A852}.Release|Any CPU.ActiveCfg = Release|Any CPU
		{6FD0957D-DF4C-8388-04F1-F7821C11A852}.Release|Any CPU.Build.0 = Release|Any CPU
		{6FD0957D-DF4C-8388-04F1-F7821C11A852}.Release|x64.ActiveCfg = Release|Any CPU
		{6FD0957D-DF4C-8388-04F1-F7821C11A852}.Release|x64.Build.0 = Release|Any CPU
		{6FD0957D-DF4C-8388-04F1-F7821C11A852}.Release|x86.ActiveCfg = Release|Any CPU
		{6FD0957D-DF4C-8388-04F1-F7821C11A852}.Release|x86.Build.0 = Release|Any CPU
		{41D4CB37-6A46-E088-95EC-FB254A481965}.Debug|Any CPU.ActiveCfg = Debug|Any CPU
		{41D4CB37-6A46-E088-95EC-FB254A481965}.Debug|Any CPU.Build.0 = Debug|Any CPU
		{41D4CB37-6A46-E088-95EC-FB254A481965}.Debug|x64.ActiveCfg = Debug|Any CPU
		{41D4CB37-6A46-E088-95EC-FB254A481965}.Debug|x64.Build.0 = Debug|Any CPU
		{41D4CB37-6A46-E088-95EC-FB254A481965}.Debug|x86.ActiveCfg = Debug|Any CPU
		{41D4CB37-6A46-E088-95EC-FB254A481965}.Debug|x86.Build.0 = Debug|Any CPU
		{41D4CB37-6A46-E088-95EC-FB254A481965}.Release|Any CPU.ActiveCfg = Release|Any CPU
		{41D4CB37-6A46-E088-95EC-FB254A481965}.Release|Any CPU.Build.0 = Release|Any CPU
		{41D4CB37-6A46-E088-95EC-FB254A481965}.Release|x64.ActiveCfg = Release|Any CPU
		{41D4CB37-6A46-E088-95EC-FB254A481965}.Release|x64.Build.0 = Release|Any CPU
		{41D4CB37-6A46-E088-95EC-FB254A481965}.Release|x86.ActiveCfg = Release|Any CPU
		{41D4CB37-6A46-E088-95EC-FB254A481965}.Release|x86.Build.0 = Release|Any CPU
		{C49DBB04-263E-DEE7-04DA-837EDB813775}.Debug|Any CPU.ActiveCfg = Debug|Any CPU
		{C49DBB04-263E-DEE7-04DA-837EDB813775}.Debug|Any CPU.Build.0 = Debug|Any CPU
		{C49DBB04-263E-DEE7-04DA-837EDB813775}.Debug|x64.ActiveCfg = Debug|Any CPU
		{C49DBB04-263E-DEE7-04DA-837EDB813775}.Debug|x64.Build.0 = Debug|Any CPU
		{C49DBB04-263E-DEE7-04DA-837EDB813775}.Debug|x86.ActiveCfg = Debug|Any CPU
		{C49DBB04-263E-DEE7-04DA-837EDB813775}.Debug|x86.Build.0 = Debug|Any CPU
		{C49DBB04-263E-DEE7-04DA-837EDB813775}.Release|Any CPU.ActiveCfg = Release|Any CPU
		{C49DBB04-263E-DEE7-04DA-837EDB813775}.Release|Any CPU.Build.0 = Release|Any CPU
		{C49DBB04-263E-DEE7-04DA-837EDB813775}.Release|x64.ActiveCfg = Release|Any CPU
		{C49DBB04-263E-DEE7-04DA-837EDB813775}.Release|x64.Build.0 = Release|Any CPU
		{C49DBB04-263E-DEE7-04DA-837EDB813775}.Release|x86.ActiveCfg = Release|Any CPU
		{C49DBB04-263E-DEE7-04DA-837EDB813775}.Release|x86.Build.0 = Release|Any CPU
		{2090F530-BECF-6B20-D9BD-5E7E19A89366}.Debug|Any CPU.ActiveCfg = Debug|Any CPU
		{2090F530-BECF-6B20-D9BD-5E7E19A89366}.Debug|Any CPU.Build.0 = Debug|Any CPU
		{2090F530-BECF-6B20-D9BD-5E7E19A89366}.Debug|x64.ActiveCfg = Debug|Any CPU
		{2090F530-BECF-6B20-D9BD-5E7E19A89366}.Debug|x64.Build.0 = Debug|Any CPU
		{2090F530-BECF-6B20-D9BD-5E7E19A89366}.Debug|x86.ActiveCfg = Debug|Any CPU
		{2090F530-BECF-6B20-D9BD-5E7E19A89366}.Debug|x86.Build.0 = Debug|Any CPU
		{2090F530-BECF-6B20-D9BD-5E7E19A89366}.Release|Any CPU.ActiveCfg = Release|Any CPU
		{2090F530-BECF-6B20-D9BD-5E7E19A89366}.Release|Any CPU.Build.0 = Release|Any CPU
		{2090F530-BECF-6B20-D9BD-5E7E19A89366}.Release|x64.ActiveCfg = Release|Any CPU
		{2090F530-BECF-6B20-D9BD-5E7E19A89366}.Release|x64.Build.0 = Release|Any CPU
		{2090F530-BECF-6B20-D9BD-5E7E19A89366}.Release|x86.ActiveCfg = Release|Any CPU
		{2090F530-BECF-6B20-D9BD-5E7E19A89366}.Release|x86.Build.0 = Release|Any CPU
		{916AE5D1-AEFA-6E1D-D395-BD4EDC7ED10D}.Debug|Any CPU.ActiveCfg = Debug|Any CPU
		{916AE5D1-AEFA-6E1D-D395-BD4EDC7ED10D}.Debug|Any CPU.Build.0 = Debug|Any CPU
		{916AE5D1-AEFA-6E1D-D395-BD4EDC7ED10D}.Debug|x64.ActiveCfg = Debug|Any CPU
		{916AE5D1-AEFA-6E1D-D395-BD4EDC7ED10D}.Debug|x64.Build.0 = Debug|Any CPU
		{916AE5D1-AEFA-6E1D-D395-BD4EDC7ED10D}.Debug|x86.ActiveCfg = Debug|Any CPU
		{916AE5D1-AEFA-6E1D-D395-BD4EDC7ED10D}.Debug|x86.Build.0 = Debug|Any CPU
		{916AE5D1-AEFA-6E1D-D395-BD4EDC7ED10D}.Release|Any CPU.ActiveCfg = Release|Any CPU
		{916AE5D1-AEFA-6E1D-D395-BD4EDC7ED10D}.Release|Any CPU.Build.0 = Release|Any CPU
		{916AE5D1-AEFA-6E1D-D395-BD4EDC7ED10D}.Release|x64.ActiveCfg = Release|Any CPU
		{916AE5D1-AEFA-6E1D-D395-BD4EDC7ED10D}.Release|x64.Build.0 = Release|Any CPU
		{916AE5D1-AEFA-6E1D-D395-BD4EDC7ED10D}.Release|x86.ActiveCfg = Release|Any CPU
		{916AE5D1-AEFA-6E1D-D395-BD4EDC7ED10D}.Release|x86.Build.0 = Release|Any CPU
		{1E60E9ED-82C8-4E16-B25F-3202B0ACE4F5}.Debug|Any CPU.ActiveCfg = Debug|Any CPU
		{1E60E9ED-82C8-4E16-B25F-3202B0ACE4F5}.Debug|Any CPU.Build.0 = Debug|Any CPU
		{1E60E9ED-82C8-4E16-B25F-3202B0ACE4F5}.Debug|x64.ActiveCfg = Debug|Any CPU
		{1E60E9ED-82C8-4E16-B25F-3202B0ACE4F5}.Debug|x64.Build.0 = Debug|Any CPU
		{1E60E9ED-82C8-4E16-B25F-3202B0ACE4F5}.Debug|x86.ActiveCfg = Debug|Any CPU
		{1E60E9ED-82C8-4E16-B25F-3202B0ACE4F5}.Debug|x86.Build.0 = Debug|Any CPU
		{1E60E9ED-82C8-4E16-B25F-3202B0ACE4F5}.Release|Any CPU.ActiveCfg = Release|Any CPU
		{1E60E9ED-82C8-4E16-B25F-3202B0ACE4F5}.Release|Any CPU.Build.0 = Release|Any CPU
		{1E60E9ED-82C8-4E16-B25F-3202B0ACE4F5}.Release|x64.ActiveCfg = Release|Any CPU
		{1E60E9ED-82C8-4E16-B25F-3202B0ACE4F5}.Release|x64.Build.0 = Release|Any CPU
		{1E60E9ED-82C8-4E16-B25F-3202B0ACE4F5}.Release|x86.ActiveCfg = Release|Any CPU
		{1E60E9ED-82C8-4E16-B25F-3202B0ACE4F5}.Release|x86.Build.0 = Release|Any CPU
		{755F3984-316B-4BEC-90F5-2D14EEBAED8E}.Debug|Any CPU.ActiveCfg = Debug|Any CPU
		{755F3984-316B-4BEC-90F5-2D14EEBAED8E}.Debug|Any CPU.Build.0 = Debug|Any CPU
		{755F3984-316B-4BEC-90F5-2D14EEBAED8E}.Debug|x64.ActiveCfg = Debug|Any CPU
		{755F3984-316B-4BEC-90F5-2D14EEBAED8E}.Debug|x64.Build.0 = Debug|Any CPU
		{755F3984-316B-4BEC-90F5-2D14EEBAED8E}.Debug|x86.ActiveCfg = Debug|Any CPU
		{755F3984-316B-4BEC-90F5-2D14EEBAED8E}.Debug|x86.Build.0 = Debug|Any CPU
		{755F3984-316B-4BEC-90F5-2D14EEBAED8E}.Release|Any CPU.ActiveCfg = Release|Any CPU
		{755F3984-316B-4BEC-90F5-2D14EEBAED8E}.Release|Any CPU.Build.0 = Release|Any CPU
		{755F3984-316B-4BEC-90F5-2D14EEBAED8E}.Release|x64.ActiveCfg = Release|Any CPU
		{755F3984-316B-4BEC-90F5-2D14EEBAED8E}.Release|x64.Build.0 = Release|Any CPU
		{755F3984-316B-4BEC-90F5-2D14EEBAED8E}.Release|x86.ActiveCfg = Release|Any CPU
		{755F3984-316B-4BEC-90F5-2D14EEBAED8E}.Release|x86.Build.0 = Release|Any CPU
		{B88AFDD7-3EB5-444B-8C8F-041FEA58A158}.Debug|Any CPU.ActiveCfg = Debug|Any CPU
		{B88AFDD7-3EB5-444B-8C8F-041FEA58A158}.Debug|Any CPU.Build.0 = Debug|Any CPU
		{B88AFDD7-3EB5-444B-8C8F-041FEA58A158}.Debug|x64.ActiveCfg = Debug|Any CPU
		{B88AFDD7-3EB5-444B-8C8F-041FEA58A158}.Debug|x64.Build.0 = Debug|Any CPU
		{B88AFDD7-3EB5-444B-8C8F-041FEA58A158}.Debug|x86.ActiveCfg = Debug|Any CPU
		{B88AFDD7-3EB5-444B-8C8F-041FEA58A158}.Debug|x86.Build.0 = Debug|Any CPU
		{B88AFDD7-3EB5-444B-8C8F-041FEA58A158}.Release|Any CPU.ActiveCfg = Release|Any CPU
		{B88AFDD7-3EB5-444B-8C8F-041FEA58A158}.Release|Any CPU.Build.0 = Release|Any CPU
		{B88AFDD7-3EB5-444B-8C8F-041FEA58A158}.Release|x64.ActiveCfg = Release|Any CPU
		{B88AFDD7-3EB5-444B-8C8F-041FEA58A158}.Release|x64.Build.0 = Release|Any CPU
		{B88AFDD7-3EB5-444B-8C8F-041FEA58A158}.Release|x86.ActiveCfg = Release|Any CPU
		{B88AFDD7-3EB5-444B-8C8F-041FEA58A158}.Release|x86.Build.0 = Release|Any CPU
		{B46B00BF-D88F-4983-AA8D-E93747290DA5}.Debug|Any CPU.ActiveCfg = Debug|Any CPU
		{B46B00BF-D88F-4983-AA8D-E93747290DA5}.Debug|Any CPU.Build.0 = Debug|Any CPU
		{B46B00BF-D88F-4983-AA8D-E93747290DA5}.Debug|x64.ActiveCfg = Debug|Any CPU
		{B46B00BF-D88F-4983-AA8D-E93747290DA5}.Debug|x64.Build.0 = Debug|Any CPU
		{B46B00BF-D88F-4983-AA8D-E93747290DA5}.Debug|x86.ActiveCfg = Debug|Any CPU
		{B46B00BF-D88F-4983-AA8D-E93747290DA5}.Debug|x86.Build.0 = Debug|Any CPU
		{B46B00BF-D88F-4983-AA8D-E93747290DA5}.Release|Any CPU.ActiveCfg = Release|Any CPU
		{B46B00BF-D88F-4983-AA8D-E93747290DA5}.Release|Any CPU.Build.0 = Release|Any CPU
		{B46B00BF-D88F-4983-AA8D-E93747290DA5}.Release|x64.ActiveCfg = Release|Any CPU
		{B46B00BF-D88F-4983-AA8D-E93747290DA5}.Release|x64.Build.0 = Release|Any CPU
		{B46B00BF-D88F-4983-AA8D-E93747290DA5}.Release|x86.ActiveCfg = Release|Any CPU
		{B46B00BF-D88F-4983-AA8D-E93747290DA5}.Release|x86.Build.0 = Release|Any CPU
		{0829F647-792B-487C-B938-B4EE78F536D6}.Debug|Any CPU.ActiveCfg = Debug|Any CPU
		{0829F647-792B-487C-B938-B4EE78F536D6}.Debug|Any CPU.Build.0 = Debug|Any CPU
		{0829F647-792B-487C-B938-B4EE78F536D6}.Debug|x64.ActiveCfg = Debug|Any CPU
		{0829F647-792B-487C-B938-B4EE78F536D6}.Debug|x64.Build.0 = Debug|Any CPU
		{0829F647-792B-487C-B938-B4EE78F536D6}.Debug|x86.ActiveCfg = Debug|Any CPU
		{0829F647-792B-487C-B938-B4EE78F536D6}.Debug|x86.Build.0 = Debug|Any CPU
		{0829F647-792B-487C-B938-B4EE78F536D6}.Release|Any CPU.ActiveCfg = Release|Any CPU
		{0829F647-792B-487C-B938-B4EE78F536D6}.Release|Any CPU.Build.0 = Release|Any CPU
		{0829F647-792B-487C-B938-B4EE78F536D6}.Release|x64.ActiveCfg = Release|Any CPU
		{0829F647-792B-487C-B938-B4EE78F536D6}.Release|x64.Build.0 = Release|Any CPU
		{0829F647-792B-487C-B938-B4EE78F536D6}.Release|x86.ActiveCfg = Release|Any CPU
		{0829F647-792B-487C-B938-B4EE78F536D6}.Release|x86.Build.0 = Release|Any CPU
		{E228E0DE-2F99-4ED5-AF42-990C615A8FF0}.Debug|Any CPU.ActiveCfg = Debug|Any CPU
		{E228E0DE-2F99-4ED5-AF42-990C615A8FF0}.Debug|Any CPU.Build.0 = Debug|Any CPU
		{E228E0DE-2F99-4ED5-AF42-990C615A8FF0}.Debug|x64.ActiveCfg = Debug|Any CPU
		{E228E0DE-2F99-4ED5-AF42-990C615A8FF0}.Debug|x64.Build.0 = Debug|Any CPU
		{E228E0DE-2F99-4ED5-AF42-990C615A8FF0}.Debug|x86.ActiveCfg = Debug|Any CPU
		{E228E0DE-2F99-4ED5-AF42-990C615A8FF0}.Debug|x86.Build.0 = Debug|Any CPU
		{E228E0DE-2F99-4ED5-AF42-990C615A8FF0}.Release|Any CPU.ActiveCfg = Release|Any CPU
		{E228E0DE-2F99-4ED5-AF42-990C615A8FF0}.Release|Any CPU.Build.0 = Release|Any CPU
		{E228E0DE-2F99-4ED5-AF42-990C615A8FF0}.Release|x64.ActiveCfg = Release|Any CPU
		{E228E0DE-2F99-4ED5-AF42-990C615A8FF0}.Release|x64.Build.0 = Release|Any CPU
		{E228E0DE-2F99-4ED5-AF42-990C615A8FF0}.Release|x86.ActiveCfg = Release|Any CPU
		{E228E0DE-2F99-4ED5-AF42-990C615A8FF0}.Release|x86.Build.0 = Release|Any CPU
	EndGlobalSection
	GlobalSection(SolutionProperties) = preSolution
		HideSolutionNode = FALSE
	EndGlobalSection
	GlobalSection(NestedProjects) = preSolution
		{4CFCE474-D538-9CA7-60BF-C6F6BDD132B3} = {0AB3BF05-4346-4AA6-1389-037BE0695223}
		{2E7433DA-B851-4B09-A8BF-5E8265B474AC} = {761E88AC-1747-465B-BFFA-B7EFFD3F47B6}
		{892DFD87-4C6A-412C-8243-7E9709DF5209} = {761E88AC-1747-465B-BFFA-B7EFFD3F47B6}
		{FB9A9AA6-6119-43F3-9F1B-A4539F2DD1A3} = {761E88AC-1747-465B-BFFA-B7EFFD3F47B6}
		{015D541F-7A6E-4FF7-A267-7FA869C00DE0} = {761E88AC-1747-465B-BFFA-B7EFFD3F47B6}
		{2090F530-BECF-6B20-D9BD-5E7E19A89366} = {0AB3BF05-4346-4AA6-1389-037BE0695223}
		{1E60E9ED-82C8-4E16-B25F-3202B0ACE4F5} = {0AB3BF05-4346-4AA6-1389-037BE0695223}
		{755F3984-316B-4BEC-90F5-2D14EEBAED8E} = {0AB3BF05-4346-4AA6-1389-037BE0695223}
		{EA8DE168-BEA6-4411-9BA3-4B24FC19DB9D} = {2E7433DA-B851-4B09-A8BF-5E8265B474AC}
		{3A82A79F-FF6F-48C8-BC88-FCEC34766F26} = {2E7433DA-B851-4B09-A8BF-5E8265B474AC}
		{412E45D3-6532-4606-8DBC-AC7F23DFCC9D} = {2E7433DA-B851-4B09-A8BF-5E8265B474AC}
		{6710794D-65A0-4550-934A-66AEB88C7399} = {EA8DE168-BEA6-4411-9BA3-4B24FC19DB9D}
		{EED5C0A5-DA77-4922-ABC3-DF8C2E31D172} = {EA8DE168-BEA6-4411-9BA3-4B24FC19DB9D}
		{B46B00BF-D88F-4983-AA8D-E93747290DA5} = {0AB3BF05-4346-4AA6-1389-037BE0695223}
		{0829F647-792B-487C-B938-B4EE78F536D6} = {0AB3BF05-4346-4AA6-1389-037BE0695223}
	EndGlobalSection
	GlobalSection(ExtensibilityGlobals) = postSolution
		SolutionGuid = {075CDC9E-861B-4CC2-87C4-C6DD6DDB77B6}
	EndGlobalSection
EndGlobal
